
Microsoft Visual Studio Solution File, Format Version 12.00
# Visual Studio Version 17
VisualStudioVersion = 17.2.32602.215
MinimumVisualStudioVersion = 10.0.40219.1
Project("{FAE04EC0-301F-11D3-BF4B-00C04F79EFBC}") = "AppRpgEtec.Android", "AppRpgEtec\AppRpgEtec.Android\AppRpgEtec.Android.csproj", "{B410DBD1-23EE-4525-9792-CFF2792F79DE}"
EndProject
Project("{FAE04EC0-301F-11D3-BF4B-00C04F79EFBC}") = "AppRpgEtec.iOS", "AppRpgEtec\AppRpgEtec.iOS\AppRpgEtec.iOS.csproj", "{8694E074-1F61-4A5D-B757-AD2FB1213C91}"
EndProject
Project("{FAE04EC0-301F-11D3-BF4B-00C04F79EFBC}") = "AppRpgEtec", "AppRpgEtec\AppRpgEtec\AppRpgEtec.csproj", "{94132B25-082B-40B6-8FED-C44146C6B30F}"
EndProject
Global
	GlobalSection(SolutionConfigurationPlatforms) = preSolution
		Debug|Any CPU = Debug|Any CPU
		Debug|iPhone = Debug|iPhone
		Debug|iPhoneSimulator = Debug|iPhoneSimulator
		Release|Any CPU = Release|Any CPU
		Release|iPhone = Release|iPhone
		Release|iPhoneSimulator = Release|iPhoneSimulator
	EndGlobalSection
	GlobalSection(ProjectConfigurationPlatforms) = postSolution
		{B410DBD1-23EE-4525-9792-CFF2792F79DE}.Debug|Any CPU.ActiveCfg = Debug|Any CPU
		{B410DBD1-23EE-4525-9792-CFF2792F79DE}.Debug|Any CPU.Build.0 = Debug|Any CPU
		{B410DBD1-23EE-4525-9792-CFF2792F79DE}.Debug|Any CPU.Deploy.0 = Debug|Any CPU
		{B410DBD1-23EE-4525-9792-CFF2792F79DE}.Debug|iPhone.ActiveCfg = Debug|Any CPU
		{B410DBD1-23EE-4525-9792-CFF2792F79DE}.Debug|iPhone.Build.0 = Debug|Any CPU
		{B410DBD1-23EE-4525-9792-CFF2792F79DE}.Debug|iPhone.Deploy.0 = Debug|Any CPU
		{B410DBD1-23EE-4525-9792-CFF2792F79DE}.Debug|iPhoneSimulator.ActiveCfg = Debug|Any CPU
		{B410DBD1-23EE-4525-9792-CFF2792F79DE}.Debug|iPhoneSimulator.Build.0 = Debug|Any CPU
		{B410DBD1-23EE-4525-9792-CFF2792F79DE}.Debug|iPhoneSimulator.Deploy.0 = Debug|Any CPU
		{B410DBD1-23EE-4525-9792-CFF2792F79DE}.Release|Any CPU.ActiveCfg = Release|Any CPU
		{B410DBD1-23EE-4525-9792-CFF2792F79DE}.Release|Any CPU.Build.0 = Release|Any CPU
		{B410DBD1-23EE-4525-9792-CFF2792F79DE}.Release|Any CPU.Deploy.0 = Release|Any CPU
		{B410DBD1-23EE-4525-9792-CFF2792F79DE}.Release|iPhone.ActiveCfg = Release|Any CPU
		{B410DBD1-23EE-4525-9792-CFF2792F79DE}.Release|iPhone.Build.0 = Release|Any CPU
		{B410DBD1-23EE-4525-9792-CFF2792F79DE}.Release|iPhone.Deploy.0 = Release|Any CPU
		{B410DBD1-23EE-4525-9792-CFF2792F79DE}.Release|iPhoneSimulator.ActiveCfg = Release|Any CPU
		{B410DBD1-23EE-4525-9792-CFF2792F79DE}.Release|iPhoneSimulator.Build.0 = Release|Any CPU
		{B410DBD1-23EE-4525-9792-CFF2792F79DE}.Release|iPhoneSimulator.Deploy.0 = Release|Any CPU
		{8694E074-1F61-4A5D-B757-AD2FB1213C91}.Debug|Any CPU.ActiveCfg = Debug|iPhone
		{8694E074-1F61-4A5D-B757-AD2FB1213C91}.Debug|Any CPU.Build.0 = Debug|iPhone
		{8694E074-1F61-4A5D-B757-AD2FB1213C91}.Debug|Any CPU.Deploy.0 = Debug|iPhone
		{8694E074-1F61-4A5D-B757-AD2FB1213C91}.Debug|iPhone.ActiveCfg = Debug|iPhone
		{8694E074-1F61-4A5D-B757-AD2FB1213C91}.Debug|iPhone.Build.0 = Debug|iPhone
		{8694E074-1F61-4A5D-B757-AD2FB1213C91}.Debug|iPhone.Deploy.0 = Debug|iPhone
		{8694E074-1F61-4A5D-B757-AD2FB1213C91}.Debug|iPhoneSimulator.ActiveCfg = Debug|iPhoneSimulator
		{8694E074-1F61-4A5D-B757-AD2FB1213C91}.Debug|iPhoneSimulator.Build.0 = Debug|iPhoneSimulator
		{8694E074-1F61-4A5D-B757-AD2FB1213C91}.Debug|iPhoneSimulator.Deploy.0 = Debug|iPhoneSimulator
		{8694E074-1F61-4A5D-B757-AD2FB1213C91}.Release|Any CPU.ActiveCfg = Release|iPhoneSimulator
		{8694E074-1F61-4A5D-B757-AD2FB1213C91}.Release|Any CPU.Build.0 = Release|iPhoneSimulator
		{8694E074-1F61-4A5D-B757-AD2FB1213C91}.Release|Any CPU.Deploy.0 = Release|iPhoneSimulator
		{8694E074-1F61-4A5D-B757-AD2FB1213C91}.Release|iPhone.ActiveCfg = Release|iPhone
		{8694E074-1F61-4A5D-B757-AD2FB1213C91}.Release|iPhone.Build.0 = Release|iPhone
		{8694E074-1F61-4A5D-B757-AD2FB1213C91}.Release|iPhone.Deploy.0 = Release|iPhone
		{8694E074-1F61-4A5D-B757-AD2FB1213C91}.Release|iPhoneSimulator.ActiveCfg = Release|iPhoneSimulator
		{8694E074-1F61-4A5D-B757-AD2FB1213C91}.Release|iPhoneSimulator.Build.0 = Release|iPhoneSimulator
		{8694E074-1F61-4A5D-B757-AD2FB1213C91}.Release|iPhoneSimulator.Deploy.0 = Release|iPhoneSimulator
		{94132B25-082B-40B6-8FED-C44146C6B30F}.Debug|Any CPU.ActiveCfg = Debug|Any CPU
		{94132B25-082B-40B6-8FED-C44146C6B30F}.Debug|Any CPU.Build.0 = Debug|Any CPU
		{94132B25-082B-40B6-8FED-C44146C6B30F}.Debug|Any CPU.Deploy.0 = Debug|Any CPU
		{94132B25-082B-40B6-8FED-C44146C6B30F}.Debug|iPhone.ActiveCfg = Debug|Any CPU
		{94132B25-082B-40B6-8FED-C44146C6B30F}.Debug|iPhone.Build.0 = Debug|Any CPU
		{94132B25-082B-40B6-8FED-C44146C6B30F}.Debug|iPhone.Deploy.0 = Debug|Any CPU
		{94132B25-082B-40B6-8FED-C44146C6B30F}.Debug|iPhoneSimulator.ActiveCfg = Debug|Any CPU
		{94132B25-082B-40B6-8FED-C44146C6B30F}.Debug|iPhoneSimulator.Build.0 = Debug|Any CPU
		{94132B25-082B-40B6-8FED-C44146C6B30F}.Debug|iPhoneSimulator.Deploy.0 = Debug|Any CPU
		{94132B25-082B-40B6-8FED-C44146C6B30F}.Release|Any CPU.ActiveCfg = Release|Any CPU
		{94132B25-082B-40B6-8FED-C44146C6B30F}.Release|Any CPU.Build.0 = Release|Any CPU
		{94132B25-082B-40B6-8FED-C44146C6B30F}.Release|Any CPU.Deploy.0 = Release|Any CPU
		{94132B25-082B-40B6-8FED-C44146C6B30F}.Release|iPhone.ActiveCfg = Release|Any CPU
		{94132B25-082B-40B6-8FED-C44146C6B30F}.Release|iPhone.Build.0 = Release|Any CPU
		{94132B25-082B-40B6-8FED-C44146C6B30F}.Release|iPhone.Deploy.0 = Release|Any CPU
		{94132B25-082B-40B6-8FED-C44146C6B30F}.Release|iPhoneSimulator.ActiveCfg = Release|Any CPU
		{94132B25-082B-40B6-8FED-C44146C6B30F}.Release|iPhoneSimulator.Build.0 = Release|Any CPU
		{94132B25-082B-40B6-8FED-C44146C6B30F}.Release|iPhoneSimulator.Deploy.0 = Release|Any CPU
	EndGlobalSection
	GlobalSection(SolutionProperties) = preSolution
		HideSolutionNode = FALSE
	EndGlobalSection
	GlobalSection(ExtensibilityGlobals) = postSolution
		SolutionGuid = {05E3FF06-FC59-42BF-B1D2-5F66CB24ADCB}
	EndGlobalSection
EndGlobal
